
Microsoft Visual Studio Solution File, Format Version 12.00
# Visual Studio Version 17
VisualStudioVersion = 17.6.33723.286
MinimumVisualStudioVersion = 16.0.0.0
Project("{9A19103F-16F7-4668-BE54-9A1E7A4F7556}") = "TopDownRPG3.Windows", "TopDownRPG3.Windows\TopDownRPG3.Windows.csproj", "{9C7FFB00-28B1-4B89-A8F0-7AC9871BE8CD}"
EndProject
Project("{9A19103F-16F7-4668-BE54-9A1E7A4F7556}") = "TopDownRPG3.Game", "TopDownRPG3.Game\TopDownRPG3.Game.csproj", "{251B3DB4-B028-4CAA-A05E-2339BB56D77E}"
EndProject
Global
	GlobalSection(SolutionConfigurationPlatforms) = preSolution
		Debug|Any CPU = Debug|Any CPU
		Release|Any CPU = Release|Any CPU
	EndGlobalSection
	GlobalSection(ProjectConfigurationPlatforms) = postSolution
		{9C7FFB00-28B1-4B89-A8F0-7AC9871BE8CD}.Debug|Any CPU.ActiveCfg = Debug|Any CPU
		{9C7FFB00-28B1-4B89-A8F0-7AC9871BE8CD}.Debug|Any CPU.Build.0 = Debug|Any CPU
		{9C7FFB00-28B1-4B89-A8F0-7AC9871BE8CD}.Release|Any CPU.ActiveCfg = Release|Any CPU
		{9C7FFB00-28B1-4B89-A8F0-7AC9871BE8CD}.Release|Any CPU.Build.0 = Release|Any CPU
		{251B3DB4-B028-4CAA-A05E-2339BB56D77E}.Debug|Any CPU.ActiveCfg = Debug|Any CPU
		{251B3DB4-B028-4CAA-A05E-2339BB56D77E}.Debug|Any CPU.Build.0 = Debug|Any CPU
		{251B3DB4-B028-4CAA-A05E-2339BB56D77E}.Release|Any CPU.ActiveCfg = Release|Any CPU
		{251B3DB4-B028-4CAA-A05E-2339BB56D77E}.Release|Any CPU.Build.0 = Release|Any CPU
	EndGlobalSection
	GlobalSection(SolutionProperties) = preSolution
		HideSolutionNode = FALSE
	EndGlobalSection
	GlobalSection(ExtensibilityGlobals) = postSolution
		SolutionGuid = {FF1DBD64-0F39-4039-982F-7CA9085C0D3E}
	EndGlobalSection
EndGlobal
